{"version":4,"terraform_version":"1.11.5","serial":1,"lineage":"ba6b6cc0-317f-150d-ebd2-59b1595e33b8","outputs":{},"resources":[{"mode":"managed","type":"random_pet","name":"example","provider":"provider[\"registry.opentofu.org/hashicorp/random\"]","instances":[{"schema_version":0,"attributes":{"id":"model-jaguar","keepers":null,"length":2,"prefix":null,"separator":"-"},"sensitive_attributes":[]}]}],"check_results":null}
